
Microsoft Visual Studio Solution File, Format Version 12.00
# Visual Studio Version 17
VisualStudioVersion = 17.5.33516.290
MinimumVisualStudioVersion = 10.0.40219.1
Project("{FAE04EC0-301F-11D3-BF4B-00C04F79EFBC}") = "TBChestTracker", "TBChestTracker\TBChestTracker.csproj", "{C7BBD4C9-0304-4273-BF6D-484DE47113DE}"
EndProject
Project("{FAE04EC0-301F-11D3-BF4B-00C04F79EFBC}") = "Loggy", "Loggy\Loggy.csproj", "{0CEEFD9B-AAEA-4EE7-BFFC-E1DEC3589249}"
EndProject
Global
	GlobalSection(SolutionConfigurationPlatforms) = preSolution
		Debug|Any CPU = Debug|Any CPU
		Debug|x64 = Debug|x64
		Release|Any CPU = Release|Any CPU
		Release|x64 = Release|x64
	EndGlobalSection
	GlobalSection(ProjectConfigurationPlatforms) = postSolution
		{C7BBD4C9-0304-4273-BF6D-484DE47113DE}.Debug|Any CPU.ActiveCfg = Debug|Any CPU
		{C7BBD4C9-0304-4273-BF6D-484DE47113DE}.Debug|Any CPU.Build.0 = Debug|Any CPU
		{C7BBD4C9-0304-4273-BF6D-484DE47113DE}.Debug|x64.ActiveCfg = Debug|x64
		{C7BBD4C9-0304-4273-BF6D-484DE47113DE}.Debug|x64.Build.0 = Debug|x64
		{C7BBD4C9-0304-4273-BF6D-484DE47113DE}.Release|Any CPU.ActiveCfg = Release|Any CPU
		{C7BBD4C9-0304-4273-BF6D-484DE47113DE}.Release|Any CPU.Build.0 = Release|Any CPU
		{C7BBD4C9-0304-4273-BF6D-484DE47113DE}.Release|x64.ActiveCfg = Release|x64
		{C7BBD4C9-0304-4273-BF6D-484DE47113DE}.Release|x64.Build.0 = Release|x64
		{0CEEFD9B-AAEA-4EE7-BFFC-E1DEC3589249}.Debug|Any CPU.ActiveCfg = Debug|Any CPU
		{0CEEFD9B-AAEA-4EE7-BFFC-E1DEC3589249}.Debug|Any CPU.Build.0 = Debug|Any CPU
		{0CEEFD9B-AAEA-4EE7-BFFC-E1DEC3589249}.Debug|x64.ActiveCfg = Debug|x64
		{0CEEFD9B-AAEA-4EE7-BFFC-E1DEC3589249}.Debug|x64.Build.0 = Debug|x64
		{0CEEFD9B-AAEA-4EE7-BFFC-E1DEC3589249}.Release|Any CPU.ActiveCfg = Release|Any CPU
		{0CEEFD9B-AAEA-4EE7-BFFC-E1DEC3589249}.Release|Any CPU.Build.0 = Release|Any CPU
		{0CEEFD9B-AAEA-4EE7-BFFC-E1DEC3589249}.Release|x64.ActiveCfg = Release|x64
		{0CEEFD9B-AAEA-4EE7-BFFC-E1DEC3589249}.Release|x64.Build.0 = Release|x64
	EndGlobalSection
	GlobalSection(SolutionProperties) = preSolution
		HideSolutionNode = FALSE
	EndGlobalSection
	GlobalSection(ExtensibilityGlobals) = postSolution
		SolutionGuid = {6CB8FFBD-AC01-4E6D-BE9A-821FD4F406FA}
	EndGlobalSection
EndGlobal
